
Microsoft Visual Studio Solution File, Format Version 12.00
# Visual Studio Version 17
VisualStudioVersion = 17.11.35327.3
MinimumVisualStudioVersion = 10.0.40219.1
Project("{FAE04EC0-301F-11D3-BF4B-00C04F79EFBC}") = "CapitalGains.Application", "CapitalGains.Application\CapitalGains.Application.csproj", "{784DCC60-D85E-4B75-A6E0-2EF8290083BC}"
EndProject
Project("{FAE04EC0-301F-11D3-BF4B-00C04F79EFBC}") = "CapitalGains.Domain", "CapitalGains.Domain\CapitalGains.Domain.csproj", "{2C708589-1C68-4B0E-B9E0-AF0A8F53BEC0}"
EndProject
Project("{FAE04EC0-301F-11D3-BF4B-00C04F79EFBC}") = "CapitalGains.Test", "CapitalGains.Test\CapitalGains.Test.csproj", "{F1A1CD30-34A9-471F-BF1A-85815BB753E9}"
EndProject
Project("{FAE04EC0-301F-11D3-BF4B-00C04F79EFBC}") = "CapitalGains.Presentation", "CapitalGains.Presentation\CapitalGains.Presentation.csproj", "{35DA22E4-9B79-4765-B5AC-CEBBBA237F9D}"
EndProject
Project("{2150E333-8FDC-42A3-9474-1A3956D46DE8}") = "SolutionItems", "SolutionItems", "{02EA681E-C7D8-13C7-8484-4AC65E1B71E8}"
	ProjectSection(SolutionItems) = preProject
		.dockerignore = .dockerignore
		.gitignore = .gitignore
		build.sh = build.sh
		compose.yaml = compose.yaml
		Dockerfile = Dockerfile
		README.md = README.md
	EndProjectSection
EndProject
Global
	GlobalSection(SolutionConfigurationPlatforms) = preSolution
		Debug|Any CPU = Debug|Any CPU
		Release|Any CPU = Release|Any CPU
	EndGlobalSection
	GlobalSection(ProjectConfigurationPlatforms) = postSolution
		{784DCC60-D85E-4B75-A6E0-2EF8290083BC}.Debug|Any CPU.ActiveCfg = Debug|Any CPU
		{784DCC60-D85E-4B75-A6E0-2EF8290083BC}.Debug|Any CPU.Build.0 = Debug|Any CPU
		{784DCC60-D85E-4B75-A6E0-2EF8290083BC}.Release|Any CPU.ActiveCfg = Release|Any CPU
		{784DCC60-D85E-4B75-A6E0-2EF8290083BC}.Release|Any CPU.Build.0 = Release|Any CPU
		{2C708589-1C68-4B0E-B9E0-AF0A8F53BEC0}.Debug|Any CPU.ActiveCfg = Debug|Any CPU
		{2C708589-1C68-4B0E-B9E0-AF0A8F53BEC0}.Debug|Any CPU.Build.0 = Debug|Any CPU
		{2C708589-1C68-4B0E-B9E0-AF0A8F53BEC0}.Release|Any CPU.ActiveCfg = Release|Any CPU
		{2C708589-1C68-4B0E-B9E0-AF0A8F53BEC0}.Release|Any CPU.Build.0 = Release|Any CPU
		{F1A1CD30-34A9-471F-BF1A-85815BB753E9}.Debug|Any CPU.ActiveCfg = Debug|Any CPU
		{F1A1CD30-34A9-471F-BF1A-85815BB753E9}.Debug|Any CPU.Build.0 = Debug|Any CPU
		{F1A1CD30-34A9-471F-BF1A-85815BB753E9}.Release|Any CPU.ActiveCfg = Release|Any CPU
		{F1A1CD30-34A9-471F-BF1A-85815BB753E9}.Release|Any CPU.Build.0 = Release|Any CPU
		{35DA22E4-9B79-4765-B5AC-CEBBBA237F9D}.Debug|Any CPU.ActiveCfg = Debug|Any CPU
		{35DA22E4-9B79-4765-B5AC-CEBBBA237F9D}.Debug|Any CPU.Build.0 = Debug|Any CPU
		{35DA22E4-9B79-4765-B5AC-CEBBBA237F9D}.Release|Any CPU.ActiveCfg = Release|Any CPU
		{35DA22E4-9B79-4765-B5AC-CEBBBA237F9D}.Release|Any CPU.Build.0 = Release|Any CPU
	EndGlobalSection
	GlobalSection(SolutionProperties) = preSolution
		HideSolutionNode = FALSE
	EndGlobalSection
	GlobalSection(ExtensibilityGlobals) = postSolution
		SolutionGuid = {87754019-4126-48C0-8E1E-ECB5CAA98C2B}
	EndGlobalSection
EndGlobal
